// !$*UTF8*$!
{
	archiveVersion = 1;
	classes = {
	};
	objectVersion = 56;
	objects = {

/* Begin PBXBuildFile section */
		2A93F5902B4EDD8000A9B344 /* NearbyBurritoApp.swift in Sources */ = {isa = PBXBuildFile; fileRef = 2A93F58F2B4EDD8000A9B344 /* NearbyBurritoApp.swift */; };
		2A93F5922B4EDD8000A9B344 /* ContentView.swift in Sources */ = {isa = PBXBuildFile; fileRef = 2A93F5912B4EDD8000A9B344 /* ContentView.swift */; };
		2A93F5942B4EDD8200A9B344 /* Assets.xcassets in Resources */ = {isa = PBXBuildFile; fileRef = 2A93F5932B4EDD8200A9B344 /* Assets.xcassets */; };
		2A93F5982B4EDD8200A9B344 /* Preview Assets.xcassets in Resources */ = {isa = PBXBuildFile; fileRef = 2A93F5972B4EDD8200A9B344 /* Preview Assets.xcassets */; };
		2A93F59F2B4EDE0700A9B344 /* NetworkManager.swift in Sources */ = {isa = PBXBuildFile; fileRef = 2A93F59E2B4EDE0700A9B344 /* NetworkManager.swift */; };
		2A93F5A12B4EDE7800A9B344 /* NBError.swift in Sources */ = {isa = PBXBuildFile; fileRef = 2A93F5A02B4EDE7800A9B344 /* NBError.swift */; };
		2A93F5A32B4EE21000A9B344 /* Place.swift in Sources */ = {isa = PBXBuildFile; fileRef = 2A93F5A22B4EE21000A9B344 /* Place.swift */; };
		2A93F5A52B4EE91A00A9B344 /* ContentViewVM.swift in Sources */ = {isa = PBXBuildFile; fileRef = 2A93F5A42B4EE91A00A9B344 /* ContentViewVM.swift */; };
/* End PBXBuildFile section */

/* Begin PBXFileReference section */
		2A52BB682B583EDA00B678B1 /* Info.plist */ = {isa = PBXFileReference; lastKnownFileType = text.plist; path = Info.plist; sourceTree = "<group>"; };
		2A93F58C2B4EDD8000A9B344 /* NearbyBurrito.app */ = {isa = PBXFileReference; explicitFileType = wrapper.application; includeInIndex = 0; path = NearbyBurrito.app; sourceTree = BUILT_PRODUCTS_DIR; };
		2A93F58F2B4EDD8000A9B344 /* NearbyBurritoApp.swift */ = {isa = PBXFileReference; lastKnownFileType = sourcecode.swift; path = NearbyBurritoApp.swift; sourceTree = "<group>"; };
		2A93F5912B4EDD8000A9B344 /* ContentView.swift */ = {isa = PBXFileReference; lastKnownFileType = sourcecode.swift; path = ContentView.swift; sourceTree = "<group>"; };
		2A93F5932B4EDD8200A9B344 /* Assets.xcassets */ = {isa = PBXFileReference; lastKnownFileType = folder.assetcatalog; path = Assets.xcassets; sourceTree = "<group>"; };
		2A93F5952B4EDD8200A9B344 /* NearbyBurrito.entitlements */ = {isa = PBXFileReference; lastKnownFileType = text.plist.entitlements; path = NearbyBurrito.entitlements; sourceTree = "<group>"; };
		2A93F5972B4EDD8200A9B344 /* Preview Assets.xcassets */ = {isa = PBXFileReference; lastKnownFileType = folder.assetcatalog; path = "Preview Assets.xcassets"; sourceTree = "<group>"; };
		2A93F59E2B4EDE0700A9B344 /* NetworkManager.swift */ = {isa = PBXFileReference; lastKnownFileType = sourcecode.swift; path = NetworkManager.swift; sourceTree = "<group>"; };
		2A93F5A02B4EDE7800A9B344 /* NBError.swift */ = {isa = PBXFileReference; lastKnownFileType = sourcecode.swift; path = NBError.swift; sourceTree = "<group>"; };
		2A93F5A22B4EE21000A9B344 /* Place.swift */ = {isa = PBXFileReference; lastKnownFileType = sourcecode.swift; path = Place.swift; sourceTree = "<group>"; };
		2A93F5A42B4EE91A00A9B344 /* ContentViewVM.swift */ = {isa = PBXFileReference; lastKnownFileType = sourcecode.swift; path = ContentViewVM.swift; sourceTree = "<group>"; };
/* End PBXFileReference section */

/* Begin PBXFrameworksBuildPhase section */
		2A93F5892B4EDD8000A9B344 /* Frameworks */ = {
			isa = PBXFrameworksBuildPhase;
			buildActionMask = 2147483647;
			files = (
			);
			runOnlyForDeploymentPostprocessing = 0;
		};
/* End PBXFrameworksBuildPhase section */

/* Begin PBXGroup section */
		2A93F5832B4EDD8000A9B344 = {
			isa = PBXGroup;
			children = (
				2A93F58E2B4EDD8000A9B344 /* NearbyBurrito */,
				2A93F58D2B4EDD8000A9B344 /* Products */,
			);
			sourceTree = "<group>";
		};
		2A93F58D2B4EDD8000A9B344 /* Products */ = {
			isa = PBXGroup;
			children = (
				2A93F58C2B4EDD8000A9B344 /* NearbyBurrito.app */,
			);
			name = Products;
			sourceTree = "<group>";
		};
		2A93F58E2B4EDD8000A9B344 /* NearbyBurrito */ = {
			isa = PBXGroup;
			children = (
				2A52BB682B583EDA00B678B1 /* Info.plist */,
				2A93F5A22B4EE21000A9B344 /* Place.swift */,
				2A93F58F2B4EDD8000A9B344 /* NearbyBurritoApp.swift */,
				2A93F5912B4EDD8000A9B344 /* ContentView.swift */,
				2A93F5A42B4EE91A00A9B344 /* ContentViewVM.swift */,
				2A93F59E2B4EDE0700A9B344 /* NetworkManager.swift */,
				2A93F5A02B4EDE7800A9B344 /* NBError.swift */,
				2A93F5932B4EDD8200A9B344 /* Assets.xcassets */,
				2A93F5952B4EDD8200A9B344 /* NearbyBurrito.entitlements */,
				2A93F5962B4EDD8200A9B344 /* Preview Content */,
			);
			path = NearbyBurrito;
			sourceTree = "<group>";
		};
		2A93F5962B4EDD8200A9B344 /* Preview Content */ = {
			isa = PBXGroup;
			children = (
				2A93F5972B4EDD8200A9B344 /* Preview Assets.xcassets */,
			);
			path = "Preview Content";
			sourceTree = "<group>";
		};
/* End PBXGroup section */

/* Begin PBXNativeTarget section */
		2A93F58B2B4EDD8000A9B344 /* NearbyBurrito */ = {
			isa = PBXNativeTarget;
			buildConfigurationList = 2A93F59B2B4EDD8200A9B344 /* Build configuration list for PBXNativeTarget "NearbyBurrito" */;
			buildPhases = (
				2A93F5882B4EDD8000A9B344 /* Sources */,
				2A93F5892B4EDD8000A9B344 /* Frameworks */,
				2A93F58A2B4EDD8000A9B344 /* Resources */,
			);
			buildRules = (
			);
			dependencies = (
			);
			name = NearbyBurrito;
			productName = NearbyBurrito;
			productReference = 2A93F58C2B4EDD8000A9B344 /* NearbyBurrito.app */;
			productType = "com.apple.product-type.application";
		};
/* End PBXNativeTarget section */

/* Begin PBXProject section */
		2A93F5842B4EDD8000A9B344 /* Project object */ = {
			isa = PBXProject;
			attributes = {
				BuildIndependentTargetsInParallel = 1;
				LastSwiftUpdateCheck = 1420;
				LastUpgradeCheck = 1420;
				TargetAttributes = {
					2A93F58B2B4EDD8000A9B344 = {
						CreatedOnToolsVersion = 14.2;
					};
				};
			};
			buildConfigurationList = 2A93F5872B4EDD8000A9B344 /* Build configuration list for PBXProject "NearbyBurrito" */;
			compatibilityVersion = "Xcode 14.0";
			developmentRegion = en;
			hasScannedForEncodings = 0;
			knownRegions = (
				en,
				Base,
			);
			mainGroup = 2A93F5832B4EDD8000A9B344;
			productRefGroup = 2A93F58D2B4EDD8000A9B344 /* Products */;
			projectDirPath = "";
			projectRoot = "";
			targets = (
				2A93F58B2B4EDD8000A9B344 /* NearbyBurrito */,
			);
		};
/* End PBXProject section */

/* Begin PBXResourcesBuildPhase section */
		2A93F58A2B4EDD8000A9B344 /* Resources */ = {
			isa = PBXResourcesBuildPhase;
			buildActionMask = 2147483647;
			files = (
				2A93F5982B4EDD8200A9B344 /* Preview Assets.xcassets in Resources */,
				2A93F5942B4EDD8200A9B344 /* Assets.xcassets in Resources */,
			);
			runOnlyForDeploymentPostprocessing = 0;
		};
/* End PBXResourcesBuildPhase section */

/* Begin PBXSourcesBuildPhase section */
		2A93F5882B4EDD8000A9B344 /* Sources */ = {
			isa = PBXSourcesBuildPhase;
			buildActionMask = 2147483647;
			files = (
				2A93F59F2B4EDE0700A9B344 /* NetworkManager.swift in Sources */,
				2A93F5922B4EDD8000A9B344 /* ContentView.swift in Sources */,
				2A93F5A12B4EDE7800A9B344 /* NBError.swift in Sources */,
				2A93F5A52B4EE91A00A9B344 /* ContentViewVM.swift in Sources */,
				2A93F5902B4EDD8000A9B344 /* NearbyBurritoApp.swift in Sources */,
				2A93F5A32B4EE21000A9B344 /* Place.swift in Sources */,
			);
			runOnlyForDeploymentPostprocessing = 0;
		};
/* End PBXSourcesBuildPhase section */

/* Begin XCBuildConfiguration section */
		2A93F5992B4EDD8200A9B344 /* Debug */ = {
			isa = XCBuildConfiguration;
			buildSettings = {
				ALWAYS_SEARCH_USER_PATHS = NO;
				CLANG_ANALYZER_NONNULL = YES;
				CLANG_ANALYZER_NUMBER_OBJECT_CONVERSION = YES_AGGRESSIVE;
				CLANG_CXX_LANGUAGE_STANDARD = "gnu++20";
				CLANG_ENABLE_MODULES = YES;
				CLANG_ENABLE_OBJC_ARC = YES;
				CLANG_ENABLE_OBJC_WEAK = YES;
				CLANG_WARN_BLOCK_CAPTURE_AUTORELEASING = YES;
				CLANG_WARN_BOOL_CONVERSION = YES;
				CLANG_WARN_COMMA = YES;
				CLANG_WARN_CONSTANT_CONVERSION = YES;
				CLANG_WARN_DEPRECATED_OBJC_IMPLEMENTATIONS = YES;
				CLANG_WARN_DIRECT_OBJC_ISA_USAGE = YES_ERROR;
				CLANG_WARN_DOCUMENTATION_COMMENTS = YES;
				CLANG_WARN_EMPTY_BODY = YES;
				CLANG_WARN_ENUM_CONVERSION = YES;
				CLANG_WARN_INFINITE_RECURSION = YES;
				CLANG_WARN_INT_CONVERSION = YES;
				CLANG_WARN_NON_LITERAL_NULL_CONVERSION = YES;
				CLANG_WARN_OBJC_IMPLICIT_RETAIN_SELF = YES;
				CLANG_WARN_OBJC_LITERAL_CONVERSION = YES;
				CLANG_WARN_OBJC_ROOT_CLASS = YES_ERROR;
				CLANG_WARN_QUOTED_INCLUDE_IN_FRAMEWORK_HEADER = YES;
				CLANG_WARN_RANGE_LOOP_ANALYSIS = YES;
				CLANG_WARN_STRICT_PROTOTYPES = YES;
				CLANG_WARN_SUSPICIOUS_MOVE = YES;
				CLANG_WARN_UNGUARDED_AVAILABILITY = YES_AGGRESSIVE;
				CLANG_WARN_UNREACHABLE_CODE = YES;
				CLANG_WARN__DUPLICATE_METHOD_MATCH = YES;
				COPY_PHASE_STRIP = NO;
				DEBUG_INFORMATION_FORMAT = dwarf;
				ENABLE_STRICT_OBJC_MSGSEND = YES;
				ENABLE_TESTABILITY = YES;
				GCC_C_LANGUAGE_STANDARD = gnu11;
				GCC_DYNAMIC_NO_PIC = NO;
				GCC_NO_COMMON_BLOCKS = YES;
				GCC_OPTIMIZATION_LEVEL = 0;
				GCC_PREPROCESSOR_DEFINITIONS = (
					"DEBUG=1",
					"$(inherited)",
				);
				GCC_WARN_64_TO_32_BIT_CONVERSION = YES;
				GCC_WARN_ABOUT_RETURN_TYPE = YES_ERROR;
				GCC_WARN_UNDECLARED_SELECTOR = YES;
				GCC_WARN_UNINITIALIZED_AUTOS = YES_AGGRESSIVE;
				GCC_WARN_UNUSED_FUNCTION = YES;
				GCC_WARN_UNUSED_VARIABLE = YES;
				MTL_ENABLE_DEBUG_INFO = INCLUDE_SOURCE;
				MTL_FAST_MATH = YES;
				ONLY_ACTIVE_ARCH = YES;
				SWIFT_ACTIVE_COMPILATION_CONDITIONS = DEBUG;
				SWIFT_OPTIMIZATION_LEVEL = "-Onone";
			};
			name = Debug;
		};
		2A93F59A2B4EDD8200A9B344 /* Release */ = {
			isa = XCBuildConfiguration;
			buildSettings = {
				ALWAYS_SEARCH_USER_PATHS = NO;
				CLANG_ANALYZER_NONNULL = YES;
				CLANG_ANALYZER_NUMBER_OBJECT_CONVERSION = YES_AGGRESSIVE;
				CLANG_CXX_LANGUAGE_STANDARD = "gnu++20";
				CLANG_ENABLE_MODULES = YES;
				CLANG_ENABLE_OBJC_ARC = YES;
				CLANG_ENABLE_OBJC_WEAK = YES;
				CLANG_WARN_BLOCK_CAPTURE_AUTORELEASING = YES;
				CLANG_WARN_BOOL_CONVERSION = YES;
				CLANG_WARN_COMMA = YES;
				CLANG_WARN_CONSTANT_CONVERSION = YES;
				CLANG_WARN_DEPRECATED_OBJC_IMPLEMENTATIONS = YES;
				CLANG_WARN_DIRECT_OBJC_ISA_USAGE = YES_ERROR;
				CLANG_WARN_DOCUMENTATION_COMMENTS = YES;
				CLANG_WARN_EMPTY_BODY = YES;
				CLANG_WARN_ENUM_CONVERSION = YES;
				CLANG_WARN_INFINITE_RECURSION = YES;
				CLANG_WARN_INT_CONVERSION = YES;
				CLANG_WARN_NON_LITERAL_NULL_CONVERSION = YES;
				CLANG_WARN_OBJC_IMPLICIT_RETAIN_SELF = YES;
				CLANG_WARN_OBJC_LITERAL_CONVERSION = YES;
				CLANG_WARN_OBJC_ROOT_CLASS = YES_ERROR;
				CLANG_WARN_QUOTED_INCLUDE_IN_FRAMEWORK_HEADER = YES;
				CLANG_WARN_RANGE_LOOP_ANALYSIS = YES;
				CLANG_WARN_STRICT_PROTOTYPES = YES;
				CLANG_WARN_SUSPICIOUS_MOVE = YES;
				CLANG_WARN_UNGUARDED_AVAILABILITY = YES_AGGRESSIVE;
				CLANG_WARN_UNREACHABLE_CODE = YES;
				CLANG_WARN__DUPLICATE_METHOD_MATCH = YES;
				COPY_PHASE_STRIP = NO;
				DEBUG_INFORMATION_FORMAT = "dwarf-with-dsym";
				ENABLE_NS_ASSERTIONS = NO;
				ENABLE_STRICT_OBJC_MSGSEND = YES;
				GCC_C_LANGUAGE_STANDARD = gnu11;
				GCC_NO_COMMON_BLOCKS = YES;
				GCC_WARN_64_TO_32_BIT_CONVERSION = YES;
				GCC_WARN_ABOUT_RETURN_TYPE = YES_ERROR;
				GCC_WARN_UNDECLARED_SELECTOR = YES;
				GCC_WARN_UNINITIALIZED_AUTOS = YES_AGGRESSIVE;
				GCC_WARN_UNUSED_FUNCTION = YES;
				GCC_WARN_UNUSED_VARIABLE = YES;
				MTL_ENABLE_DEBUG_INFO = NO;
				MTL_FAST_MATH = YES;
				SWIFT_COMPILATION_MODE = wholemodule;
				SWIFT_OPTIMIZATION_LEVEL = "-O";
			};
			name = Release;
		};
		2A93F59C2B4EDD8200A9B344 /* Debug */ = {
			isa = XCBuildConfiguration;
			buildSettings = {
				ASSETCATALOG_COMPILER_APPICON_NAME = AppIcon;
				ASSETCATALOG_COMPILER_GLOBAL_ACCENT_COLOR_NAME = AccentColor;
				CODE_SIGN_ENTITLEMENTS = NearbyBurrito/NearbyBurrito.entitlements;
				CODE_SIGN_STYLE = Automatic;
				CURRENT_PROJECT_VERSION = 1;
				DEVELOPMENT_ASSET_PATHS = "\"NearbyBurrito/Preview Content\"";
				DEVELOPMENT_TEAM = 74A4PQ6426;
				ENABLE_HARDENED_RUNTIME = YES;
				ENABLE_PREVIEWS = YES;
				GENERATE_INFOPLIST_FILE = YES;
				INFOPLIST_FILE = NearbyBurrito/Info.plist;
				INFOPLIST_KEY_NSLocationWhenInUseUsageDescription = "Nearby Burritos needs your location";
				"INFOPLIST_KEY_UIApplicationSceneManifest_Generation[sdk=iphoneos*]" = YES;
				"INFOPLIST_KEY_UIApplicationSceneManifest_Generation[sdk=iphonesimulator*]" = YES;
				"INFOPLIST_KEY_UIApplicationSupportsIndirectInputEvents[sdk=iphoneos*]" = YES;
				"INFOPLIST_KEY_UIApplicationSupportsIndirectInputEvents[sdk=iphonesimulator*]" = YES;
				"INFOPLIST_KEY_UILaunchScreen_Generation[sdk=iphoneos*]" = YES;
				"INFOPLIST_KEY_UILaunchScreen_Generation[sdk=iphonesimulator*]" = YES;
				"INFOPLIST_KEY_UIStatusBarStyle[sdk=iphoneos*]" = UIStatusBarStyleDefault;
				"INFOPLIST_KEY_UIStatusBarStyle[sdk=iphonesimulator*]" = UIStatusBarStyleDefault;
				INFOPLIST_KEY_UISupportedInterfaceOrientations_iPad = "UIInterfaceOrientationPortrait UIInterfaceOrientationPortraitUpsideDown UIInterfaceOrientationLandscapeLeft UIInterfaceOrientationLandscapeRight";
				INFOPLIST_KEY_UISupportedInterfaceOrientations_iPhone = "UIInterfaceOrientationPortrait UIInterfaceOrientationLandscapeLeft UIInterfaceOrientationLandscapeRight";
				IPHONEOS_DEPLOYMENT_TARGET = 16.2;
				LD_RUNPATH_SEARCH_PATHS = "@executable_path/Frameworks";
				"LD_RUNPATH_SEARCH_PATHS[sdk=macosx*]" = "@executable_path/../Frameworks";
				MACOSX_DEPLOYMENT_TARGET = 13.1;
				MARKETING_VERSION = 1.0;
				PRODUCT_BUNDLE_IDENTIFIER = com.davidpotashnik.NearbyBurrito;
				PRODUCT_NAME = "$(TARGET_NAME)";
				SDKROOT = auto;
				SUPPORTED_PLATFORMS = "iphoneos iphonesimulator macosx";
				SWIFT_EMIT_LOC_STRINGS = YES;
				SWIFT_VERSION = 5.0;
				TARGETED_DEVICE_FAMILY = "1,2";
			};
			name = Debug;
		};
		2A93F59D2B4EDD8200A9B344 /* Release */ = {
			isa = XCBuildConfiguration;
			buildSettings = {
				ASSETCATALOG_COMPILER_APPICON_NAME = AppIcon;
				ASSETCATALOG_COMPILER_GLOBAL_ACCENT_COLOR_NAME = AccentColor;
				CODE_SIGN_ENTITLEMENTS = NearbyBurrito/NearbyBurrito.entitlements;
				CODE_SIGN_STYLE = Automatic;
				CURRENT_PROJECT_VERSION = 1;
				DEVELOPMENT_ASSET_PATHS = "\"NearbyBurrito/Preview Content\"";
				DEVELOPMENT_TEAM = 74A4PQ6426;
				ENABLE_HARDENED_RUNTIME = YES;
				ENABLE_PREVIEWS = YES;
				GENERATE_INFOPLIST_FILE = YES;
				INFOPLIST_FILE = NearbyBurrito/Info.plist;
				INFOPLIST_KEY_NSLocationWhenInUseUsageDescription = "Nearby Burritos needs your location";
				"INFOPLIST_KEY_UIApplicationSceneManifest_Generation[sdk=iphoneos*]" = YES;
				"INFOPLIST_KEY_UIApplicationSceneManifest_Generation[sdk=iphonesimulator*]" = YES;
				"INFOPLIST_KEY_UIApplicationSupportsIndirectInputEvents[sdk=iphoneos*]" = YES;
				"INFOPLIST_KEY_UIApplicationSupportsIndirectInputEvents[sdk=iphonesimulator*]" = YES;
				"INFOPLIST_KEY_UILaunchScreen_Generation[sdk=iphoneos*]" = YES;
				"INFOPLIST_KEY_UILaunchScreen_Generation[sdk=iphonesimulator*]" = YES;
				"INFOPLIST_KEY_UIStatusBarStyle[sdk=iphoneos*]" = UIStatusBarStyleDefault;
				"INFOPLIST_KEY_UIStatusBarStyle[sdk=iphonesimulator*]" = UIStatusBarStyleDefault;
				INFOPLIST_KEY_UISupportedInterfaceOrientations_iPad = "UIInterfaceOrientationPortrait UIInterfaceOrientationPortraitUpsideDown UIInterfaceOrientationLandscapeLeft UIInterfaceOrientationLandscapeRight";
				INFOPLIST_KEY_UISupportedInterfaceOrientations_iPhone = "UIInterfaceOrientationPortrait UIInterfaceOrientationLandscapeLeft UIInterfaceOrientationLandscapeRight";
				IPHONEOS_DEPLOYMENT_TARGET = 16.2;
				LD_RUNPATH_SEARCH_PATHS = "@executable_path/Frameworks";
				"LD_RUNPATH_SEARCH_PATHS[sdk=macosx*]" = "@executable_path/../Frameworks";
				MACOSX_DEPLOYMENT_TARGET = 13.1;
				MARKETING_VERSION = 1.0;
				PRODUCT_BUNDLE_IDENTIFIER = com.davidpotashnik.NearbyBurrito;
				PRODUCT_NAME = "$(TARGET_NAME)";
				SDKROOT = auto;
				SUPPORTED_PLATFORMS = "iphoneos iphonesimulator macosx";
				SWIFT_EMIT_LOC_STRINGS = YES;
				SWIFT_VERSION = 5.0;
				TARGETED_DEVICE_FAMILY = "1,2";
			};
			name = Release;
		};
/* End XCBuildConfiguration section */

/* Begin XCConfigurationList section */
		2A93F5872B4EDD8000A9B344 /* Build configuration list for PBXProject "NearbyBurrito" */ = {
			isa = XCConfigurationList;
			buildConfigurations = (
				2A93F5992B4EDD8200A9B344 /* Debug */,
				2A93F59A2B4EDD8200A9B344 /* Release */,
			);
			defaultConfigurationIsVisible = 0;
			defaultConfigurationName = Release;
		};
		2A93F59B2B4EDD8200A9B344 /* Build configuration list for PBXNativeTarget "NearbyBurrito" */ = {
			isa = XCConfigurationList;
			buildConfigurations = (
				2A93F59C2B4EDD8200A9B344 /* Debug */,
				2A93F59D2B4EDD8200A9B344 /* Release */,
			);
			defaultConfigurationIsVisible = 0;
			defaultConfigurationName = Release;
		};
/* End XCConfigurationList section */
	};
	rootObject = 2A93F5842B4EDD8000A9B344 /* Project object */;
}
